{
    "name": "pc-nrfconnect-matter-manufacturer-cluster-editor",
    "version": "0.1.0",
    "lockfileVersion": 3,
    "requires": true,
    "packages": {
        "": {
            "name": "pc-nrfconnect-matter-manufacturer-cluster-editor",
            "version": "0.1.0",
            "license": "SEE LICENSE IN LICENSE",
            "devDependencies": {},
            "engines": {
                "nrfconnect": ">=4.3.0"
            }
        }
    }
}
